
Microsoft Visual Studio Solution File, Format Version 12.00
# Visual Studio 15
VisualStudioVersion = 15.0.27004.2006
MinimumVisualStudioVersion = 10.0.40219.1
Project("{9A19103F-16F7-4668-BE54-9A1E7A4F7556}") = "P05_BarraksWars", "P05_BarraksWars.csproj", "{3DA6AD8D-D95F-417D-B15C-908E0F116936}"
EndProject
Global
	GlobalSection(SolutionConfigurationPlatforms) = preSolution
		Debug|Any CPU = Debug|Any CPU
		Release|Any CPU = Release|Any CPU
	EndGlobalSection
	GlobalSection(ProjectConfigurationPlatforms) = postSolution
		{3DA6AD8D-D95F-417D-B15C-908E0F116936}.Debug|Any CPU.ActiveCfg = Debug|Any CPU
		{3DA6AD8D-D95F-417D-B15C-908E0F116936}.Debug|Any CPU.Build.0 = Debug|Any CPU
		{3DA6AD8D-D95F-417D-B15C-908E0F116936}.Release|Any CPU.ActiveCfg = Release|Any CPU
		{3DA6AD8D-D95F-417D-B15C-908E0F116936}.Release|Any CPU.Build.0 = Release|Any CPU
	EndGlobalSection
	GlobalSection(SolutionProperties) = preSolution
		HideSolutionNode = FALSE
	EndGlobalSection
	GlobalSection(ExtensibilityGlobals) = postSolution
		SolutionGuid = {1EC23836-4EBC-454A-8A14-77368E1DF049}
	EndGlobalSection
EndGlobal
