
Microsoft Visual Studio Solution File, Format Version 12.00
# Visual Studio 15
VisualStudioVersion = 15.0.27004.2006
MinimumVisualStudioVersion = 10.0.40219.1
Project("{9A19103F-16F7-4668-BE54-9A1E7A4F7556}") = "1_Box", "1_Box\1_Box.csproj", "{3FD3542D-6B36-4506-B552-9BECC79DEC6E}"
EndProject
Project("{9A19103F-16F7-4668-BE54-9A1E7A4F7556}") = "2_Generic_Array_Creator", "2_Generic_Array_Creator\2_Generic_Array_Creator.csproj", "{68393780-57D7-4CAA-863B-8EFC6EB44E06}"
EndProject
Project("{9A19103F-16F7-4668-BE54-9A1E7A4F7556}") = "3_Generic_Scale", "3_Generic_Scale\3_Generic_Scale.csproj", "{C86C86FB-B2BF-42FE-B0B3-4F9A0CEBAAED}"
EndProject
Global
	GlobalSection(SolutionConfigurationPlatforms) = preSolution
		Debug|Any CPU = Debug|Any CPU
		Release|Any CPU = Release|Any CPU
	EndGlobalSection
	GlobalSection(ProjectConfigurationPlatforms) = postSolution
		{3FD3542D-6B36-4506-B552-9BECC79DEC6E}.Debug|Any CPU.ActiveCfg = Debug|Any CPU
		{3FD3542D-6B36-4506-B552-9BECC79DEC6E}.Debug|Any CPU.Build.0 = Debug|Any CPU
		{3FD3542D-6B36-4506-B552-9BECC79DEC6E}.Release|Any CPU.ActiveCfg = Release|Any CPU
		{3FD3542D-6B36-4506-B552-9BECC79DEC6E}.Release|Any CPU.Build.0 = Release|Any CPU
		{68393780-57D7-4CAA-863B-8EFC6EB44E06}.Debug|Any CPU.ActiveCfg = Debug|Any CPU
		{68393780-57D7-4CAA-863B-8EFC6EB44E06}.Debug|Any CPU.Build.0 = Debug|Any CPU
		{68393780-57D7-4CAA-863B-8EFC6EB44E06}.Release|Any CPU.ActiveCfg = Release|Any CPU
		{68393780-57D7-4CAA-863B-8EFC6EB44E06}.Release|Any CPU.Build.0 = Release|Any CPU
		{C86C86FB-B2BF-42FE-B0B3-4F9A0CEBAAED}.Debug|Any CPU.ActiveCfg = Debug|Any CPU
		{C86C86FB-B2BF-42FE-B0B3-4F9A0CEBAAED}.Debug|Any CPU.Build.0 = Debug|Any CPU
		{C86C86FB-B2BF-42FE-B0B3-4F9A0CEBAAED}.Release|Any CPU.ActiveCfg = Release|Any CPU
		{C86C86FB-B2BF-42FE-B0B3-4F9A0CEBAAED}.Release|Any CPU.Build.0 = Release|Any CPU
	EndGlobalSection
	GlobalSection(SolutionProperties) = preSolution
		HideSolutionNode = FALSE
	EndGlobalSection
	GlobalSection(ExtensibilityGlobals) = postSolution
		SolutionGuid = {ADDC8611-33D3-4F4A-9CF8-9E056BF02DDA}
	EndGlobalSection
EndGlobal
