
Microsoft Visual Studio Solution File, Format Version 12.00
# Visual Studio 15
VisualStudioVersion = 15.0.27004.2006
MinimumVisualStudioVersion = 10.0.40219.1
Project("{FAE04EC0-301F-11D3-BF4B-00C04F79EFBC}") = "Minedraft", "Minedraft.csproj", "{2B8E833A-8D75-44C5-A88A-9B4B9FE1C036}"
EndProject
Project("{9A19103F-16F7-4668-BE54-9A1E7A4F7556}") = "UnitTestsJudje", "..\UnitTestsJudje\UnitTestsJudje.csproj", "{4F46EB45-2156-4D82-8856-E41D13655B8E}"
EndProject
Project("{FAE04EC0-301F-11D3-BF4B-00C04F79EFBC}") = "MyUnitTests", "..\MyUnitTests\MyUnitTests.csproj", "{53BE2491-3196-435B-9B47-92E193019E39}"
EndProject
Global
	GlobalSection(SolutionConfigurationPlatforms) = preSolution
		Debug|Any CPU = Debug|Any CPU
		Release|Any CPU = Release|Any CPU
	EndGlobalSection
	GlobalSection(ProjectConfigurationPlatforms) = postSolution
		{2B8E833A-8D75-44C5-A88A-9B4B9FE1C036}.Debug|Any CPU.ActiveCfg = Debug|Any CPU
		{2B8E833A-8D75-44C5-A88A-9B4B9FE1C036}.Debug|Any CPU.Build.0 = Debug|Any CPU
		{2B8E833A-8D75-44C5-A88A-9B4B9FE1C036}.Release|Any CPU.ActiveCfg = Release|Any CPU
		{2B8E833A-8D75-44C5-A88A-9B4B9FE1C036}.Release|Any CPU.Build.0 = Release|Any CPU
		{4F46EB45-2156-4D82-8856-E41D13655B8E}.Debug|Any CPU.ActiveCfg = Debug|Any CPU
		{4F46EB45-2156-4D82-8856-E41D13655B8E}.Debug|Any CPU.Build.0 = Debug|Any CPU
		{4F46EB45-2156-4D82-8856-E41D13655B8E}.Release|Any CPU.ActiveCfg = Release|Any CPU
		{4F46EB45-2156-4D82-8856-E41D13655B8E}.Release|Any CPU.Build.0 = Release|Any CPU
		{53BE2491-3196-435B-9B47-92E193019E39}.Debug|Any CPU.ActiveCfg = Debug|Any CPU
		{53BE2491-3196-435B-9B47-92E193019E39}.Debug|Any CPU.Build.0 = Debug|Any CPU
		{53BE2491-3196-435B-9B47-92E193019E39}.Release|Any CPU.ActiveCfg = Release|Any CPU
		{53BE2491-3196-435B-9B47-92E193019E39}.Release|Any CPU.Build.0 = Release|Any CPU
	EndGlobalSection
	GlobalSection(SolutionProperties) = preSolution
		HideSolutionNode = FALSE
	EndGlobalSection
	GlobalSection(ExtensibilityGlobals) = postSolution
		SolutionGuid = {E089095F-B366-4409-86D1-340C480665B7}
	EndGlobalSection
EndGlobal
